// !$*UTF8*$!
{
	archiveVersion = 1;
	classes = {
	};
	objectVersion = 46;
	objects = {

/* Begin PBXBuildFile section */
		15A0B60319108D24005D3A77 /* Foundation.framework in Frameworks */ = {isa = PBXBuildFile; fileRef = 15A0B60219108D24005D3A77 /* Foundation.framework */; };
		15A0B60519108D24005D3A77 /* CoreGraphics.framework in Frameworks */ = {isa = PBXBuildFile; fileRef = 15A0B60419108D24005D3A77 /* CoreGraphics.framework */; };
		15A0B60719108D24005D3A77 /* UIKit.framework in Frameworks */ = {isa = PBXBuildFile; fileRef = 15A0B60619108D24005D3A77 /* UIKit.framework */; };
		15A0B60F19108D24005D3A77 /* InfoPlist.strings in Resources */ = {isa = PBXBuildFile; fileRef = 15A0B60D19108D24005D3A77 /* InfoPlist.strings */; };
		15A0B61119108D24005D3A77 /* main.m in Sources */ = {isa = PBXBuildFile; fileRef = 15A0B61019108D24005D3A77 /* main.m */; };
		15A0B61519108D24005D3A77 /* AppDelegate.m in Sources */ = {isa = PBXBuildFile; fileRef = 15A0B61419108D24005D3A77 /* AppDelegate.m */; };
		15A0B61819108D24005D3A77 /* myHairDid.xcdatamodeld in Sources */ = {isa = PBXBuildFile; fileRef = 15A0B61619108D24005D3A77 /* myHairDid.xcdatamodeld */; };
		15A0B61A19108D24005D3A77 /* Images.xcassets in Resources */ = {isa = PBXBuildFile; fileRef = 15A0B61919108D24005D3A77 /* Images.xcassets */; };
		15A0B62219108D25005D3A77 /* Foundation.framework in Frameworks */ = {isa = PBXBuildFile; fileRef = 15A0B60219108D24005D3A77 /* Foundation.framework */; };
		15A0B62319108D25005D3A77 /* UIKit.framework in Frameworks */ = {isa = PBXBuildFile; fileRef = 15A0B60619108D24005D3A77 /* UIKit.framework */; };
		15A0B62C19108D25005D3A77 /* InfoPlist.strings in Resources */ = {isa = PBXBuildFile; fileRef = 15A0B62A19108D25005D3A77 /* InfoPlist.strings */; };
		15A0B62E19108D25005D3A77 /* myHairDidTests.m in Sources */ = {isa = PBXBuildFile; fileRef = 15A0B62D19108D25005D3A77 /* myHairDidTests.m */; };
		15A0B63D19108E04005D3A77 /* checkbox@2x.png in Resources */ = {isa = PBXBuildFile; fileRef = 15A0B63919108E04005D3A77 /* checkbox@2x.png */; };
		15A0B63E19108E04005D3A77 /* uncheckbox@2x.png in Resources */ = {isa = PBXBuildFile; fileRef = 15A0B63A19108E04005D3A77 /* uncheckbox@2x.png */; };
		15A0B63F19108E04005D3A77 /* background@2x.png in Resources */ = {isa = PBXBuildFile; fileRef = 15A0B63B19108E04005D3A77 /* background@2x.png */; };
		15A0B64019108E04005D3A77 /* background.png in Resources */ = {isa = PBXBuildFile; fileRef = 15A0B63C19108E04005D3A77 /* background.png */; };
		15A0B64919108F15005D3A77 /* ViewController.m in Sources */ = {isa = PBXBuildFile; fileRef = 15A0B64719108F15005D3A77 /* ViewController.m */; };
		15A0B64A19108F15005D3A77 /* ViewController.xib in Resources */ = {isa = PBXBuildFile; fileRef = 15A0B64819108F15005D3A77 /* ViewController.xib */; };
		15A0B64E19108F34005D3A77 /* SignUPViewController.m in Sources */ = {isa = PBXBuildFile; fileRef = 15A0B64C19108F34005D3A77 /* SignUPViewController.m */; };
		15A0B64F19108F34005D3A77 /* SignUPViewController.xib in Resources */ = {isa = PBXBuildFile; fileRef = 15A0B64D19108F34005D3A77 /* SignUPViewController.xib */; };
		15A0B65319108F49005D3A77 /* DashboardViewController.m in Sources */ = {isa = PBXBuildFile; fileRef = 15A0B65119108F49005D3A77 /* DashboardViewController.m */; };
		15A0B65419108F49005D3A77 /* DashboardViewController.xib in Resources */ = {isa = PBXBuildFile; fileRef = 15A0B65219108F49005D3A77 /* DashboardViewController.xib */; };
		15A0B65819108F60005D3A77 /* EditInfoViewController.m in Sources */ = {isa = PBXBuildFile; fileRef = 15A0B65619108F60005D3A77 /* EditInfoViewController.m */; };
		15A0B65919108F60005D3A77 /* EditInfoViewController.xib in Resources */ = {isa = PBXBuildFile; fileRef = 15A0B65719108F60005D3A77 /* EditInfoViewController.xib */; };
		15A0B65D19108F6F005D3A77 /* MoreInfoViewController.m in Sources */ = {isa = PBXBuildFile; fileRef = 15A0B65B19108F6F005D3A77 /* MoreInfoViewController.m */; };
		15A0B65E19108F6F005D3A77 /* MoreInfoViewController.xib in Resources */ = {isa = PBXBuildFile; fileRef = 15A0B65C19108F6F005D3A77 /* MoreInfoViewController.xib */; };
		15A0B66119108F76005D3A77 /* MBProgressHUD.m in Sources */ = {isa = PBXBuildFile; fileRef = 15A0B66019108F76005D3A77 /* MBProgressHUD.m */; };
		15A0B66419108F83005D3A77 /* TPKeyboardAvoidingScrollView.m in Sources */ = {isa = PBXBuildFile; fileRef = 15A0B66319108F83005D3A77 /* TPKeyboardAvoidingScrollView.m */; };
		15A0B66619109892005D3A77 /* Parse.framework in Frameworks */ = {isa = PBXBuildFile; fileRef = 15A0B66519109892005D3A77 /* Parse.framework */; };
		15A0B66E19109C19005D3A77 /* CFNetwork.framework in Frameworks */ = {isa = PBXBuildFile; fileRef = 15A0B66D19109C19005D3A77 /* CFNetwork.framework */; };
		15A0B67019109C3B005D3A77 /* SystemConfiguration.framework in Frameworks */ = {isa = PBXBuildFile; fileRef = 15A0B66F19109C3B005D3A77 /* SystemConfiguration.framework */; };
		15A0B67219109C4D005D3A77 /* Security.framework in Frameworks */ = {isa = PBXBuildFile; fileRef = 15A0B67119109C4D005D3A77 /* Security.framework */; };
		15A0B67419109C53005D3A77 /* Social.framework in Frameworks */ = {isa = PBXBuildFile; fileRef = 15A0B67319109C53005D3A77 /* Social.framework */; };
		15A0B67619109C78005D3A77 /* MobileCoreServices.framework in Frameworks */ = {isa = PBXBuildFile; fileRef = 15A0B67519109C78005D3A77 /* MobileCoreServices.framework */; };
		15A0B67819109C8A005D3A77 /* QuartzCore.framework in Frameworks */ = {isa = PBXBuildFile; fileRef = 15A0B67719109C8A005D3A77 /* QuartzCore.framework */; };
		15A0B67B19109CBE005D3A77 /* libsqlite3.dylib in Frameworks */ = {isa = PBXBuildFile; fileRef = 15A0B67A19109CBE005D3A77 /* libsqlite3.dylib */; };
		15A0B67D19109CCB005D3A77 /* libz.1.1.3.dylib in Frameworks */ = {isa = PBXBuildFile; fileRef = 15A0B67C19109CCB005D3A77 /* libz.1.1.3.dylib */; };
		15A0B67F19109D42005D3A77 /* Accounts.framework in Frameworks */ = {isa = PBXBuildFile; fileRef = 15A0B67E19109D42005D3A77 /* Accounts.framework */; };
/* End PBXBuildFile section */

/* Begin PBXContainerItemProxy section */
		15A0B62519108D25005D3A77 /* PBXContainerItemProxy */ = {
			isa = PBXContainerItemProxy;
			containerPortal = 15A0B5F719108D24005D3A77 /* Project object */;
			proxyType = 1;
			remoteGlobalIDString = 15A0B5FE19108D24005D3A77;
			remoteInfo = myHairDid;
		};
/* End PBXContainerItemProxy section */

/* Begin PBXFileReference section */
		15A0B5FF19108D24005D3A77 /* myHairDid.app */ = {isa = PBXFileReference; explicitFileType = wrapper.application; includeInIndex = 0; path = myHairDid.app; sourceTree = BUILT_PRODUCTS_DIR; };
		15A0B60219108D24005D3A77 /* Foundation.framework */ = {isa = PBXFileReference; lastKnownFileType = wrapper.framework; name = Foundation.framework; path = System/Library/Frameworks/Foundation.framework; sourceTree = SDKROOT; };
		15A0B60419108D24005D3A77 /* CoreGraphics.framework */ = {isa = PBXFileReference; lastKnownFileType = wrapper.framework; name = CoreGraphics.framework; path = System/Library/Frameworks/CoreGraphics.framework; sourceTree = SDKROOT; };
		15A0B60619108D24005D3A77 /* UIKit.framework */ = {isa = PBXFileReference; lastKnownFileType = wrapper.framework; name = UIKit.framework; path = System/Library/Frameworks/UIKit.framework; sourceTree = SDKROOT; };
		15A0B60C19108D24005D3A77 /* myHairDid-Info.plist */ = {isa = PBXFileReference; lastKnownFileType = text.plist.xml; path = "myHairDid-Info.plist"; sourceTree = "<group>"; };
		15A0B60E19108D24005D3A77 /* en */ = {isa = PBXFileReference; lastKnownFileType = text.plist.strings; name = en; path = en.lproj/InfoPlist.strings; sourceTree = "<group>"; };
		15A0B61019108D24005D3A77 /* main.m */ = {isa = PBXFileReference; lastKnownFileType = sourcecode.c.objc; path = main.m; sourceTree = "<group>"; };
		15A0B61219108D24005D3A77 /* myHairDid-Prefix.pch */ = {isa = PBXFileReference; lastKnownFileType = sourcecode.c.h; path = "myHairDid-Prefix.pch"; sourceTree = "<group>"; };
		15A0B61319108D24005D3A77 /* AppDelegate.h */ = {isa = PBXFileReference; lastKnownFileType = sourcecode.c.h; path = AppDelegate.h; sourceTree = "<group>"; };
		15A0B61419108D24005D3A77 /* AppDelegate.m */ = {isa = PBXFileReference; lastKnownFileType = sourcecode.c.objc; path = AppDelegate.m; sourceTree = "<group>"; };
		15A0B61719108D24005D3A77 /* myHairDid.xcdatamodel */ = {isa = PBXFileReference; lastKnownFileType = wrapper.xcdatamodel; path = myHairDid.xcdatamodel; sourceTree = "<group>"; };
		15A0B61919108D24005D3A77 /* Images.xcassets */ = {isa = PBXFileReference; lastKnownFileType = folder.assetcatalog; path = Images.xcassets; sourceTree = "<group>"; };
		15A0B61F19108D25005D3A77 /* myHairDidTests.xctest */ = {isa = PBXFileReference; explicitFileType = wrapper.cfbundle; includeInIndex = 0; path = myHairDidTests.xctest; sourceTree = BUILT_PRODUCTS_DIR; };
		15A0B62919108D25005D3A77 /* myHairDidTests-Info.plist */ = {isa = PBXFileReference; lastKnownFileType = text.plist.xml; path = "myHairDidTests-Info.plist"; sourceTree = "<group>"; };
		15A0B62B19108D25005D3A77 /* en */ = {isa = PBXFileReference; lastKnownFileType = text.plist.strings; name = en; path = en.lproj/InfoPlist.strings; sourceTree = "<group>"; };
		15A0B62D19108D25005D3A77 /* myHairDidTests.m */ = {isa = PBXFileReference; lastKnownFileType = sourcecode.c.objc; path = myHairDidTests.m; sourceTree = "<group>"; };
		15A0B63919108E04005D3A77 /* checkbox@2x.png */ = {isa = PBXFileReference; lastKnownFileType = image.png; path = "checkbox@2x.png"; sourceTree = "<group>"; };
		15A0B63A19108E04005D3A77 /* uncheckbox@2x.png */ = {isa = PBXFileReference; lastKnownFileType = image.png; path = "uncheckbox@2x.png"; sourceTree = "<group>"; };
		15A0B63B19108E04005D3A77 /* background@2x.png */ = {isa = PBXFileReference; lastKnownFileType = image.png; path = "background@2x.png"; sourceTree = "<group>"; };
		15A0B63C19108E04005D3A77 /* background.png */ = {isa = PBXFileReference; lastKnownFileType = image.png; path = background.png; sourceTree = "<group>"; };
		15A0B64619108F15005D3A77 /* ViewController.h */ = {isa = PBXFileReference; fileEncoding = 4; lastKnownFileType = sourcecode.c.h; path = ViewController.h; sourceTree = "<group>"; };
		15A0B64719108F15005D3A77 /* ViewController.m */ = {isa = PBXFileReference; fileEncoding = 4; lastKnownFileType = sourcecode.c.objc; path = ViewController.m; sourceTree = "<group>"; };
		15A0B64819108F15005D3A77 /* ViewController.xib */ = {isa = PBXFileReference; fileEncoding = 4; lastKnownFileType = file.xib; path = ViewController.xib; sourceTree = "<group>"; };
		15A0B64B19108F34005D3A77 /* SignUPViewController.h */ = {isa = PBXFileReference; fileEncoding = 4; lastKnownFileType = sourcecode.c.h; path = SignUPViewController.h; sourceTree = "<group>"; };
		15A0B64C19108F34005D3A77 /* SignUPViewController.m */ = {isa = PBXFileReference; fileEncoding = 4; lastKnownFileType = sourcecode.c.objc; path = SignUPViewController.m; sourceTree = "<group>"; };
		15A0B64D19108F34005D3A77 /* SignUPViewController.xib */ = {isa = PBXFileReference; fileEncoding = 4; lastKnownFileType = file.xib; path = SignUPViewController.xib; sourceTree = "<group>"; };
		15A0B65019108F49005D3A77 /* DashboardViewController.h */ = {isa = PBXFileReference; fileEncoding = 4; lastKnownFileType = sourcecode.c.h; path = DashboardViewController.h; sourceTree = "<group>"; };
		15A0B65119108F49005D3A77 /* DashboardViewController.m */ = {isa = PBXFileReference; fileEncoding = 4; lastKnownFileType = sourcecode.c.objc; path = DashboardViewController.m; sourceTree = "<group>"; };
		15A0B65219108F49005D3A77 /* DashboardViewController.xib */ = {isa = PBXFileReference; fileEncoding = 4; lastKnownFileType = file.xib; path = DashboardViewController.xib; sourceTree = "<group>"; };
		15A0B65519108F60005D3A77 /* EditInfoViewController.h */ = {isa = PBXFileReference; fileEncoding = 4; lastKnownFileType = sourcecode.c.h; path = EditInfoViewController.h; sourceTree = "<group>"; };
		15A0B65619108F60005D3A77 /* EditInfoViewController.m */ = {isa = PBXFileReference; fileEncoding = 4; lastKnownFileType = sourcecode.c.objc; path = EditInfoViewController.m; sourceTree = "<group>"; };
		15A0B65719108F60005D3A77 /* EditInfoViewController.xib */ = {isa = PBXFileReference; fileEncoding = 4; lastKnownFileType = file.xib; path = EditInfoViewController.xib; sourceTree = "<group>"; };
		15A0B65A19108F6F005D3A77 /* MoreInfoViewController.h */ = {isa = PBXFileReference; fileEncoding = 4; lastKnownFileType = sourcecode.c.h; path = MoreInfoViewController.h; sourceTree = "<group>"; };
		15A0B65B19108F6F005D3A77 /* MoreInfoViewController.m */ = {isa = PBXFileReference; fileEncoding = 4; lastKnownFileType = sourcecode.c.objc; path = MoreInfoViewController.m; sourceTree = "<group>"; };
		15A0B65C19108F6F005D3A77 /* MoreInfoViewController.xib */ = {isa = PBXFileReference; fileEncoding = 4; lastKnownFileType = file.xib; path = MoreInfoViewController.xib; sourceTree = "<group>"; };
		15A0B65F19108F76005D3A77 /* MBProgressHUD.h */ = {isa = PBXFileReference; fileEncoding = 4; lastKnownFileType = sourcecode.c.h; path = MBProgressHUD.h; sourceTree = "<group>"; };
		15A0B66019108F76005D3A77 /* MBProgressHUD.m */ = {isa = PBXFileReference; fileEncoding = 4; lastKnownFileType = sourcecode.c.objc; path = MBProgressHUD.m; sourceTree = "<group>"; };
		15A0B66219108F83005D3A77 /* TPKeyboardAvoidingScrollView.h */ = {isa = PBXFileReference; fileEncoding = 4; lastKnownFileType = sourcecode.c.h; path = TPKeyboardAvoidingScrollView.h; sourceTree = "<group>"; };
		15A0B66319108F83005D3A77 /* TPKeyboardAvoidingScrollView.m */ = {isa = PBXFileReference; fileEncoding = 4; lastKnownFileType = sourcecode.c.objc; path = TPKeyboardAvoidingScrollView.m; sourceTree = "<group>"; };
		15A0B66519109892005D3A77 /* Parse.framework */ = {isa = PBXFileReference; lastKnownFileType = wrapper.framework; path = Parse.framework; sourceTree = "<group>"; };
		15A0B66D19109C19005D3A77 /* CFNetwork.framework */ = {isa = PBXFileReference; lastKnownFileType = wrapper.framework; name = CFNetwork.framework; path = System/Library/Frameworks/CFNetwork.framework; sourceTree = SDKROOT; };
		15A0B66F19109C3B005D3A77 /* SystemConfiguration.framework */ = {isa = PBXFileReference; lastKnownFileType = wrapper.framework; name = SystemConfiguration.framework; path = System/Library/Frameworks/SystemConfiguration.framework; sourceTree = SDKROOT; };
		15A0B67119109C4D005D3A77 /* Security.framework */ = {isa = PBXFileReference; lastKnownFileType = wrapper.framework; name = Security.framework; path = System/Library/Frameworks/Security.framework; sourceTree = SDKROOT; };
		15A0B67319109C53005D3A77 /* Social.framework */ = {isa = PBXFileReference; lastKnownFileType = wrapper.framework; name = Social.framework; path = System/Library/Frameworks/Social.framework; sourceTree = SDKROOT; };
		15A0B67519109C78005D3A77 /* MobileCoreServices.framework */ = {isa = PBXFileReference; lastKnownFileType = wrapper.framework; name = MobileCoreServices.framework; path = System/Library/Frameworks/MobileCoreServices.framework; sourceTree = SDKROOT; };
		15A0B67719109C8A005D3A77 /* QuartzCore.framework */ = {isa = PBXFileReference; lastKnownFileType = wrapper.framework; name = QuartzCore.framework; path = System/Library/Frameworks/QuartzCore.framework; sourceTree = SDKROOT; };
		15A0B67A19109CBE005D3A77 /* libsqlite3.dylib */ = {isa = PBXFileReference; lastKnownFileType = "compiled.mach-o.dylib"; name = libsqlite3.dylib; path = usr/lib/libsqlite3.dylib; sourceTree = SDKROOT; };
		15A0B67C19109CCB005D3A77 /* libz.1.1.3.dylib */ = {isa = PBXFileReference; lastKnownFileType = "compiled.mach-o.dylib"; name = libz.1.1.3.dylib; path = usr/lib/libz.1.1.3.dylib; sourceTree = SDKROOT; };
		15A0B67E19109D42005D3A77 /* Accounts.framework */ = {isa = PBXFileReference; lastKnownFileType = wrapper.framework; name = Accounts.framework; path = System/Library/Frameworks/Accounts.framework; sourceTree = SDKROOT; };
/* End PBXFileReference section */

/* Begin PBXFrameworksBuildPhase section */
		15A0B5FC19108D24005D3A77 /* Frameworks */ = {
			isa = PBXFrameworksBuildPhase;
			buildActionMask = 2147483647;
			files = (
				15A0B67F19109D42005D3A77 /* Accounts.framework in Frameworks */,
				15A0B67D19109CCB005D3A77 /* libz.1.1.3.dylib in Frameworks */,
				15A0B67B19109CBE005D3A77 /* libsqlite3.dylib in Frameworks */,
				15A0B67819109C8A005D3A77 /* QuartzCore.framework in Frameworks */,
				15A0B67619109C78005D3A77 /* MobileCoreServices.framework in Frameworks */,
				15A0B67419109C53005D3A77 /* Social.framework in Frameworks */,
				15A0B67219109C4D005D3A77 /* Security.framework in Frameworks */,
				15A0B67019109C3B005D3A77 /* SystemConfiguration.framework in Frameworks */,
				15A0B66E19109C19005D3A77 /* CFNetwork.framework in Frameworks */,
				15A0B60519108D24005D3A77 /* CoreGraphics.framework in Frameworks */,
				15A0B60719108D24005D3A77 /* UIKit.framework in Frameworks */,
				15A0B60319108D24005D3A77 /* Foundation.framework in Frameworks */,
				15A0B66619109892005D3A77 /* Parse.framework in Frameworks */,
			);
			runOnlyForDeploymentPostprocessing = 0;
		};
		15A0B61C19108D25005D3A77 /* Frameworks */ = {
			isa = PBXFrameworksBuildPhase;
			buildActionMask = 2147483647;
			files = (
				15A0B62319108D25005D3A77 /* UIKit.framework in Frameworks */,
				15A0B62219108D25005D3A77 /* Foundation.framework in Frameworks */,
			);
			runOnlyForDeploymentPostprocessing = 0;
		};
/* End PBXFrameworksBuildPhase section */

/* Begin PBXGroup section */
		15A0B5F619108D24005D3A77 = {
			isa = PBXGroup;
			children = (
				15A0B60A19108D24005D3A77 /* myHairDid */,
				15A0B62719108D25005D3A77 /* myHairDidTests */,
				15A0B60119108D24005D3A77 /* Frameworks */,
				15A0B60019108D24005D3A77 /* Products */,
			);
			sourceTree = "<group>";
		};
		15A0B60019108D24005D3A77 /* Products */ = {
			isa = PBXGroup;
			children = (
				15A0B5FF19108D24005D3A77 /* myHairDid.app */,
				15A0B61F19108D25005D3A77 /* myHairDidTests.xctest */,
			);
			name = Products;
			sourceTree = "<group>";
		};
		15A0B60119108D24005D3A77 /* Frameworks */ = {
			isa = PBXGroup;
			children = (
				15A0B67E19109D42005D3A77 /* Accounts.framework */,
				15A0B67C19109CCB005D3A77 /* libz.1.1.3.dylib */,
				15A0B67A19109CBE005D3A77 /* libsqlite3.dylib */,
				15A0B67719109C8A005D3A77 /* QuartzCore.framework */,
				15A0B67519109C78005D3A77 /* MobileCoreServices.framework */,
				15A0B67319109C53005D3A77 /* Social.framework */,
				15A0B67119109C4D005D3A77 /* Security.framework */,
				15A0B66F19109C3B005D3A77 /* SystemConfiguration.framework */,
				15A0B66D19109C19005D3A77 /* CFNetwork.framework */,
				15A0B66519109892005D3A77 /* Parse.framework */,
				15A0B60219108D24005D3A77 /* Foundation.framework */,
				15A0B60419108D24005D3A77 /* CoreGraphics.framework */,
				15A0B60619108D24005D3A77 /* UIKit.framework */,
			);
			name = Frameworks;
			sourceTree = "<group>";
		};
		15A0B60A19108D24005D3A77 /* myHairDid */ = {
			isa = PBXGroup;
			children = (
				15A0B61319108D24005D3A77 /* AppDelegate.h */,
				15A0B61419108D24005D3A77 /* AppDelegate.m */,
				15A0B66219108F83005D3A77 /* TPKeyboardAvoidingScrollView.h */,
				15A0B66319108F83005D3A77 /* TPKeyboardAvoidingScrollView.m */,
				15A0B65F19108F76005D3A77 /* MBProgressHUD.h */,
				15A0B66019108F76005D3A77 /* MBProgressHUD.m */,
				15A0B64619108F15005D3A77 /* ViewController.h */,
				15A0B64719108F15005D3A77 /* ViewController.m */,
				15A0B64819108F15005D3A77 /* ViewController.xib */,
				15A0B64B19108F34005D3A77 /* SignUPViewController.h */,
				15A0B64C19108F34005D3A77 /* SignUPViewController.m */,
				15A0B64D19108F34005D3A77 /* SignUPViewController.xib */,
				15A0B65019108F49005D3A77 /* DashboardViewController.h */,
				15A0B65119108F49005D3A77 /* DashboardViewController.m */,
				15A0B65219108F49005D3A77 /* DashboardViewController.xib */,
				15A0B65519108F60005D3A77 /* EditInfoViewController.h */,
				15A0B65619108F60005D3A77 /* EditInfoViewController.m */,
				15A0B65719108F60005D3A77 /* EditInfoViewController.xib */,
				15A0B65A19108F6F005D3A77 /* MoreInfoViewController.h */,
				15A0B65B19108F6F005D3A77 /* MoreInfoViewController.m */,
				15A0B65C19108F6F005D3A77 /* MoreInfoViewController.xib */,
				15A0B63919108E04005D3A77 /* checkbox@2x.png */,
				15A0B63A19108E04005D3A77 /* uncheckbox@2x.png */,
				15A0B63B19108E04005D3A77 /* background@2x.png */,
				15A0B63C19108E04005D3A77 /* background.png */,
				15A0B61919108D24005D3A77 /* Images.xcassets */,
				15A0B61619108D24005D3A77 /* myHairDid.xcdatamodeld */,
				15A0B60B19108D24005D3A77 /* Supporting Files */,
			);
			path = myHairDid;
			sourceTree = "<group>";
		};
		15A0B60B19108D24005D3A77 /* Supporting Files */ = {
			isa = PBXGroup;
			children = (
				15A0B60C19108D24005D3A77 /* myHairDid-Info.plist */,
				15A0B60D19108D24005D3A77 /* InfoPlist.strings */,
				15A0B61019108D24005D3A77 /* main.m */,
				15A0B61219108D24005D3A77 /* myHairDid-Prefix.pch */,
			);
			name = "Supporting Files";
			sourceTree = "<group>";
		};
		15A0B62719108D25005D3A77 /* myHairDidTests */ = {
			isa = PBXGroup;
			children = (
				15A0B62D19108D25005D3A77 /* myHairDidTests.m */,
				15A0B62819108D25005D3A77 /* Supporting Files */,
			);
			path = myHairDidTests;
			sourceTree = "<group>";
		};
		15A0B62819108D25005D3A77 /* Supporting Files */ = {
			isa = PBXGroup;
			children = (
				15A0B62919108D25005D3A77 /* myHairDidTests-Info.plist */,
				15A0B62A19108D25005D3A77 /* InfoPlist.strings */,
			);
			name = "Supporting Files";
			sourceTree = "<group>";
		};
/* End PBXGroup section */

/* Begin PBXNativeTarget section */
		15A0B5FE19108D24005D3A77 /* myHairDid */ = {
			isa = PBXNativeTarget;
			buildConfigurationList = 15A0B63119108D25005D3A77 /* Build configuration list for PBXNativeTarget "myHairDid" */;
			buildPhases = (
				15A0B5FB19108D24005D3A77 /* Sources */,
				15A0B5FC19108D24005D3A77 /* Frameworks */,
				15A0B5FD19108D24005D3A77 /* Resources */,
			);
			buildRules = (
			);
			dependencies = (
			);
			name = myHairDid;
			productName = myHairDid;
			productReference = 15A0B5FF19108D24005D3A77 /* myHairDid.app */;
			productType = "com.apple.product-type.application";
		};
		15A0B61E19108D25005D3A77 /* myHairDidTests */ = {
			isa = PBXNativeTarget;
			buildConfigurationList = 15A0B63419108D25005D3A77 /* Build configuration list for PBXNativeTarget "myHairDidTests" */;
			buildPhases = (
				15A0B61B19108D25005D3A77 /* Sources */,
				15A0B61C19108D25005D3A77 /* Frameworks */,
				15A0B61D19108D25005D3A77 /* Resources */,
			);
			buildRules = (
			);
			dependencies = (
				15A0B62619108D25005D3A77 /* PBXTargetDependency */,
			);
			name = myHairDidTests;
			productName = myHairDidTests;
			productReference = 15A0B61F19108D25005D3A77 /* myHairDidTests.xctest */;
			productType = "com.apple.product-type.bundle.unit-test";
		};
/* End PBXNativeTarget section */

/* Begin PBXProject section */
		15A0B5F719108D24005D3A77 /* Project object */ = {
			isa = PBXProject;
			attributes = {
				LastUpgradeCheck = 0510;
				ORGANIZATIONNAME = Dinky_Details;
				TargetAttributes = {
					15A0B61E19108D25005D3A77 = {
						TestTargetID = 15A0B5FE19108D24005D3A77;
					};
				};
			};
			buildConfigurationList = 15A0B5FA19108D24005D3A77 /* Build configuration list for PBXProject "myHairDid" */;
			compatibilityVersion = "Xcode 3.2";
			developmentRegion = English;
			hasScannedForEncodings = 0;
			knownRegions = (
				en,
			);
			mainGroup = 15A0B5F619108D24005D3A77;
			productRefGroup = 15A0B60019108D24005D3A77 /* Products */;
			projectDirPath = "";
			projectRoot = "";
			targets = (
				15A0B5FE19108D24005D3A77 /* myHairDid */,
				15A0B61E19108D25005D3A77 /* myHairDidTests */,
			);
		};
/* End PBXProject section */

/* Begin PBXResourcesBuildPhase section */
		15A0B5FD19108D24005D3A77 /* Resources */ = {
			isa = PBXResourcesBuildPhase;
			buildActionMask = 2147483647;
			files = (
				15A0B64A19108F15005D3A77 /* ViewController.xib in Resources */,
				15A0B65E19108F6F005D3A77 /* MoreInfoViewController.xib in Resources */,
				15A0B63E19108E04005D3A77 /* uncheckbox@2x.png in Resources */,
				15A0B65919108F60005D3A77 /* EditInfoViewController.xib in Resources */,
				15A0B65419108F49005D3A77 /* DashboardViewController.xib in Resources */,
				15A0B64019108E04005D3A77 /* background.png in Resources */,
				15A0B60F19108D24005D3A77 /* InfoPlist.strings in Resources */,
				15A0B61A19108D24005D3A77 /* Images.xcassets in Resources */,
				15A0B63F19108E04005D3A77 /* background@2x.png in Resources */,
				15A0B64F19108F34005D3A77 /* SignUPViewController.xib in Resources */,
				15A0B63D19108E04005D3A77 /* checkbox@2x.png in Resources */,
			);
			runOnlyForDeploymentPostprocessing = 0;
		};
		15A0B61D19108D25005D3A77 /* Resources */ = {
			isa = PBXResourcesBuildPhase;
			buildActionMask = 2147483647;
			files = (
				15A0B62C19108D25005D3A77 /* InfoPlist.strings in Resources */,
			);
			runOnlyForDeploymentPostprocessing = 0;
		};
/* End PBXResourcesBuildPhase section */

/* Begin PBXSourcesBuildPhase section */
		15A0B5FB19108D24005D3A77 /* Sources */ = {
			isa = PBXSourcesBuildPhase;
			buildActionMask = 2147483647;
			files = (
				15A0B64E19108F34005D3A77 /* SignUPViewController.m in Sources */,
				15A0B66419108F83005D3A77 /* TPKeyboardAvoidingScrollView.m in Sources */,
				15A0B65D19108F6F005D3A77 /* MoreInfoViewController.m in Sources */,
				15A0B65319108F49005D3A77 /* DashboardViewController.m in Sources */,
				15A0B61819108D24005D3A77 /* myHairDid.xcdatamodeld in Sources */,
				15A0B66119108F76005D3A77 /* MBProgressHUD.m in Sources */,
				15A0B61519108D24005D3A77 /* AppDelegate.m in Sources */,
				15A0B64919108F15005D3A77 /* ViewController.m in Sources */,
				15A0B61119108D24005D3A77 /* main.m in Sources */,
				15A0B65819108F60005D3A77 /* EditInfoViewController.m in Sources */,
			);
			runOnlyForDeploymentPostprocessing = 0;
		};
		15A0B61B19108D25005D3A77 /* Sources */ = {
			isa = PBXSourcesBuildPhase;
			buildActionMask = 2147483647;
			files = (
				15A0B62E19108D25005D3A77 /* myHairDidTests.m in Sources */,
			);
			runOnlyForDeploymentPostprocessing = 0;
		};
/* End PBXSourcesBuildPhase section */

/* Begin PBXTargetDependency section */
		15A0B62619108D25005D3A77 /* PBXTargetDependency */ = {
			isa = PBXTargetDependency;
			target = 15A0B5FE19108D24005D3A77 /* myHairDid */;
			targetProxy = 15A0B62519108D25005D3A77 /* PBXContainerItemProxy */;
		};
/* End PBXTargetDependency section */

/* Begin PBXVariantGroup section */
		15A0B60D19108D24005D3A77 /* InfoPlist.strings */ = {
			isa = PBXVariantGroup;
			children = (
				15A0B60E19108D24005D3A77 /* en */,
			);
			name = InfoPlist.strings;
			sourceTree = "<group>";
		};
		15A0B62A19108D25005D3A77 /* InfoPlist.strings */ = {
			isa = PBXVariantGroup;
			children = (
				15A0B62B19108D25005D3A77 /* en */,
			);
			name = InfoPlist.strings;
			sourceTree = "<group>";
		};
/* End PBXVariantGroup section */

/* Begin XCBuildConfiguration section */
		15A0B62F19108D25005D3A77 /* Debug */ = {
			isa = XCBuildConfiguration;
			buildSettings = {
				ALWAYS_SEARCH_USER_PATHS = NO;
				CLANG_CXX_LANGUAGE_STANDARD = "gnu++0x";
				CLANG_CXX_LIBRARY = "libc++";
				CLANG_ENABLE_MODULES = YES;
				CLANG_ENABLE_OBJC_ARC = YES;
				CLANG_WARN_BOOL_CONVERSION = YES;
				CLANG_WARN_CONSTANT_CONVERSION = YES;
				CLANG_WARN_DIRECT_OBJC_ISA_USAGE = YES_ERROR;
				CLANG_WARN_EMPTY_BODY = YES;
				CLANG_WARN_ENUM_CONVERSION = YES;
				CLANG_WARN_INT_CONVERSION = YES;
				CLANG_WARN_OBJC_ROOT_CLASS = YES_ERROR;
				CLANG_WARN__DUPLICATE_METHOD_MATCH = YES;
				"CODE_SIGN_IDENTITY[sdk=iphoneos*]" = "iPhone Developer";
				COPY_PHASE_STRIP = NO;
				GCC_C_LANGUAGE_STANDARD = gnu99;
				GCC_DYNAMIC_NO_PIC = NO;
				GCC_OPTIMIZATION_LEVEL = 0;
				GCC_PREPROCESSOR_DEFINITIONS = (
					"DEBUG=1",
					"$(inherited)",
				);
				GCC_SYMBOLS_PRIVATE_EXTERN = NO;
				GCC_WARN_64_TO_32_BIT_CONVERSION = YES;
				GCC_WARN_ABOUT_RETURN_TYPE = YES_ERROR;
				GCC_WARN_UNDECLARED_SELECTOR = YES;
				GCC_WARN_UNINITIALIZED_AUTOS = YES_AGGRESSIVE;
				GCC_WARN_UNUSED_FUNCTION = YES;
				GCC_WARN_UNUSED_VARIABLE = YES;
				IPHONEOS_DEPLOYMENT_TARGET = 7.1;
				ONLY_ACTIVE_ARCH = YES;
				SDKROOT = iphoneos;
			};
			name = Debug;
		};
		15A0B63019108D25005D3A77 /* Release */ = {
			isa = XCBuildConfiguration;
			buildSettings = {
				ALWAYS_SEARCH_USER_PATHS = NO;
				CLANG_CXX_LANGUAGE_STANDARD = "gnu++0x";
				CLANG_CXX_LIBRARY = "libc++";
				CLANG_ENABLE_MODULES = YES;
				CLANG_ENABLE_OBJC_ARC = YES;
				CLANG_WARN_BOOL_CONVERSION = YES;
				CLANG_WARN_CONSTANT_CONVERSION = YES;
				CLANG_WARN_DIRECT_OBJC_ISA_USAGE = YES_ERROR;
				CLANG_WARN_EMPTY_BODY = YES;
				CLANG_WARN_ENUM_CONVERSION = YES;
				CLANG_WARN_INT_CONVERSION = YES;
				CLANG_WARN_OBJC_ROOT_CLASS = YES_ERROR;
				CLANG_WARN__DUPLICATE_METHOD_MATCH = YES;
				"CODE_SIGN_IDENTITY[sdk=iphoneos*]" = "iPhone Developer";
				COPY_PHASE_STRIP = YES;
				ENABLE_NS_ASSERTIONS = NO;
				GCC_C_LANGUAGE_STANDARD = gnu99;
				GCC_WARN_64_TO_32_BIT_CONVERSION = YES;
				GCC_WARN_ABOUT_RETURN_TYPE = YES_ERROR;
				GCC_WARN_UNDECLARED_SELECTOR = YES;
				GCC_WARN_UNINITIALIZED_AUTOS = YES_AGGRESSIVE;
				GCC_WARN_UNUSED_FUNCTION = YES;
				GCC_WARN_UNUSED_VARIABLE = YES;
				IPHONEOS_DEPLOYMENT_TARGET = 7.1;
				SDKROOT = iphoneos;
				VALIDATE_PRODUCT = YES;
			};
			name = Release;
		};
		15A0B63219108D25005D3A77 /* Debug */ = {
			isa = XCBuildConfiguration;
			buildSettings = {
				ASSETCATALOG_COMPILER_APPICON_NAME = AppIcon;
				ASSETCATALOG_COMPILER_LAUNCHIMAGE_NAME = LaunchImage;
				FRAMEWORK_SEARCH_PATHS = (
					"$(inherited)",
					"$(PROJECT_DIR)",
					"$(DEVELOPER_FRAMEWORKS_DIR)",
				);
				GCC_PRECOMPILE_PREFIX_HEADER = YES;
				GCC_PREFIX_HEADER = "myHairDid/myHairDid-Prefix.pch";
				INFOPLIST_FILE = "myHairDid/myHairDid-Info.plist";
				PRODUCT_NAME = "$(TARGET_NAME)";
				WRAPPER_EXTENSION = app;
			};
			name = Debug;
		};
		15A0B63319108D25005D3A77 /* Release */ = {
			isa = XCBuildConfiguration;
			buildSettings = {
				ASSETCATALOG_COMPILER_APPICON_NAME = AppIcon;
				ASSETCATALOG_COMPILER_LAUNCHIMAGE_NAME = LaunchImage;
				FRAMEWORK_SEARCH_PATHS = (
					"$(inherited)",
					"$(PROJECT_DIR)",
					"$(DEVELOPER_FRAMEWORKS_DIR)",
				);
				GCC_PRECOMPILE_PREFIX_HEADER = YES;
				GCC_PREFIX_HEADER = "myHairDid/myHairDid-Prefix.pch";
				INFOPLIST_FILE = "myHairDid/myHairDid-Info.plist";
				PRODUCT_NAME = "$(TARGET_NAME)";
				WRAPPER_EXTENSION = app;
			};
			name = Release;
		};
		15A0B63519108D25005D3A77 /* Debug */ = {
			isa = XCBuildConfiguration;
			buildSettings = {
				BUNDLE_LOADER = "$(BUILT_PRODUCTS_DIR)/myHairDid.app/myHairDid";
				FRAMEWORK_SEARCH_PATHS = (
					"$(SDKROOT)/Developer/Library/Frameworks",
					"$(inherited)",
					"$(DEVELOPER_FRAMEWORKS_DIR)",
				);
				GCC_PRECOMPILE_PREFIX_HEADER = YES;
				GCC_PREFIX_HEADER = "myHairDid/myHairDid-Prefix.pch";
				GCC_PREPROCESSOR_DEFINITIONS = (
					"DEBUG=1",
					"$(inherited)",
				);
				INFOPLIST_FILE = "myHairDidTests/myHairDidTests-Info.plist";
				PRODUCT_NAME = "$(TARGET_NAME)";
				TEST_HOST = "$(BUNDLE_LOADER)";
				WRAPPER_EXTENSION = xctest;
			};
			name = Debug;
		};
		15A0B63619108D25005D3A77 /* Release */ = {
			isa = XCBuildConfiguration;
			buildSettings = {
				BUNDLE_LOADER = "$(BUILT_PRODUCTS_DIR)/myHairDid.app/myHairDid";
				FRAMEWORK_SEARCH_PATHS = (
					"$(SDKROOT)/Developer/Library/Frameworks",
					"$(inherited)",
					"$(DEVELOPER_FRAMEWORKS_DIR)",
				);
				GCC_PRECOMPILE_PREFIX_HEADER = YES;
				GCC_PREFIX_HEADER = "myHairDid/myHairDid-Prefix.pch";
				INFOPLIST_FILE = "myHairDidTests/myHairDidTests-Info.plist";
				PRODUCT_NAME = "$(TARGET_NAME)";
				TEST_HOST = "$(BUNDLE_LOADER)";
				WRAPPER_EXTENSION = xctest;
			};
			name = Release;
		};
/* End XCBuildConfiguration section */

/* Begin XCConfigurationList section */
		15A0B5FA19108D24005D3A77 /* Build configuration list for PBXProject "myHairDid" */ = {
			isa = XCConfigurationList;
			buildConfigurations = (
				15A0B62F19108D25005D3A77 /* Debug */,
				15A0B63019108D25005D3A77 /* Release */,
			);
			defaultConfigurationIsVisible = 0;
			defaultConfigurationName = Release;
		};
		15A0B63119108D25005D3A77 /* Build configuration list for PBXNativeTarget "myHairDid" */ = {
			isa = XCConfigurationList;
			buildConfigurations = (
				15A0B63219108D25005D3A77 /* Debug */,
				15A0B63319108D25005D3A77 /* Release */,
			);
			defaultConfigurationIsVisible = 0;
			defaultConfigurationName = Release;
		};
		15A0B63419108D25005D3A77 /* Build configuration list for PBXNativeTarget "myHairDidTests" */ = {
			isa = XCConfigurationList;
			buildConfigurations = (
				15A0B63519108D25005D3A77 /* Debug */,
				15A0B63619108D25005D3A77 /* Release */,
			);
			defaultConfigurationIsVisible = 0;
			defaultConfigurationName = Release;
		};
/* End XCConfigurationList section */

/* Begin XCVersionGroup section */
		15A0B61619108D24005D3A77 /* myHairDid.xcdatamodeld */ = {
			isa = XCVersionGroup;
			children = (
				15A0B61719108D24005D3A77 /* myHairDid.xcdatamodel */,
			);
			currentVersion = 15A0B61719108D24005D3A77 /* myHairDid.xcdatamodel */;
			path = myHairDid.xcdatamodeld;
			sourceTree = "<group>";
			versionGroupType = wrapper.xcdatamodel;
		};
/* End XCVersionGroup section */
	};
	rootObject = 15A0B5F719108D24005D3A77 /* Project object */;
}
