// !$*UTF8*$!
{
	archiveVersion = 1;
	classes = {
	};
	objectVersion = 46;
	objects = {

/* Begin PBXBuildFile section */
		15C9398D18FE0C8A00EE378F /* Foundation.framework in Frameworks */ = {isa = PBXBuildFile; fileRef = 15C9398C18FE0C8A00EE378F /* Foundation.framework */; };
		15C9398F18FE0C8A00EE378F /* CoreGraphics.framework in Frameworks */ = {isa = PBXBuildFile; fileRef = 15C9398E18FE0C8A00EE378F /* CoreGraphics.framework */; };
		15C9399118FE0C8A00EE378F /* UIKit.framework in Frameworks */ = {isa = PBXBuildFile; fileRef = 15C9399018FE0C8A00EE378F /* UIKit.framework */; };
		15C9399318FE0C8A00EE378F /* CoreData.framework in Frameworks */ = {isa = PBXBuildFile; fileRef = 15C9399218FE0C8A00EE378F /* CoreData.framework */; };
		15C9399918FE0C8B00EE378F /* InfoPlist.strings in Resources */ = {isa = PBXBuildFile; fileRef = 15C9399718FE0C8B00EE378F /* InfoPlist.strings */; };
		15C9399B18FE0C8B00EE378F /* main.m in Sources */ = {isa = PBXBuildFile; fileRef = 15C9399A18FE0C8B00EE378F /* main.m */; };
		15C9399F18FE0C8B00EE378F /* AppDelegate.m in Sources */ = {isa = PBXBuildFile; fileRef = 15C9399E18FE0C8B00EE378F /* AppDelegate.m */; };
		15C939A218FE0C8B00EE378F /* Main.storyboard in Resources */ = {isa = PBXBuildFile; fileRef = 15C939A018FE0C8B00EE378F /* Main.storyboard */; };
		15C939A518FE0C8B00EE378F /* myHairDid.xcdatamodeld in Sources */ = {isa = PBXBuildFile; fileRef = 15C939A318FE0C8B00EE378F /* myHairDid.xcdatamodeld */; };
		15C939A818FE0C8B00EE378F /* MasterViewController.m in Sources */ = {isa = PBXBuildFile; fileRef = 15C939A718FE0C8B00EE378F /* MasterViewController.m */; };
		15C939AB18FE0C8B00EE378F /* DetailViewController.m in Sources */ = {isa = PBXBuildFile; fileRef = 15C939AA18FE0C8B00EE378F /* DetailViewController.m */; };
		15C939AD18FE0C8B00EE378F /* Images.xcassets in Resources */ = {isa = PBXBuildFile; fileRef = 15C939AC18FE0C8B00EE378F /* Images.xcassets */; };
		15C939B418FE0C8B00EE378F /* XCTest.framework in Frameworks */ = {isa = PBXBuildFile; fileRef = 15C939B318FE0C8B00EE378F /* XCTest.framework */; };
		15C939B518FE0C8B00EE378F /* Foundation.framework in Frameworks */ = {isa = PBXBuildFile; fileRef = 15C9398C18FE0C8A00EE378F /* Foundation.framework */; };
		15C939B618FE0C8B00EE378F /* UIKit.framework in Frameworks */ = {isa = PBXBuildFile; fileRef = 15C9399018FE0C8A00EE378F /* UIKit.framework */; };
		15C939B718FE0C8B00EE378F /* CoreData.framework in Frameworks */ = {isa = PBXBuildFile; fileRef = 15C9399218FE0C8A00EE378F /* CoreData.framework */; };
		15C939BF18FE0C8B00EE378F /* InfoPlist.strings in Resources */ = {isa = PBXBuildFile; fileRef = 15C939BD18FE0C8B00EE378F /* InfoPlist.strings */; };
		15C939C118FE0C8B00EE378F /* myHairDidTests.m in Sources */ = {isa = PBXBuildFile; fileRef = 15C939C018FE0C8B00EE378F /* myHairDidTests.m */; };
/* End PBXBuildFile section */

/* Begin PBXContainerItemProxy section */
		15C939B818FE0C8B00EE378F /* PBXContainerItemProxy */ = {
			isa = PBXContainerItemProxy;
			containerPortal = 15C9398118FE0C8A00EE378F /* Project object */;
			proxyType = 1;
			remoteGlobalIDString = 15C9398818FE0C8A00EE378F;
			remoteInfo = myHairDid;
		};
/* End PBXContainerItemProxy section */

/* Begin PBXFileReference section */
		15C9398918FE0C8A00EE378F /* myHairDid.app */ = {isa = PBXFileReference; explicitFileType = wrapper.application; includeInIndex = 0; path = myHairDid.app; sourceTree = BUILT_PRODUCTS_DIR; };
		15C9398C18FE0C8A00EE378F /* Foundation.framework */ = {isa = PBXFileReference; lastKnownFileType = wrapper.framework; name = Foundation.framework; path = System/Library/Frameworks/Foundation.framework; sourceTree = SDKROOT; };
		15C9398E18FE0C8A00EE378F /* CoreGraphics.framework */ = {isa = PBXFileReference; lastKnownFileType = wrapper.framework; name = CoreGraphics.framework; path = System/Library/Frameworks/CoreGraphics.framework; sourceTree = SDKROOT; };
		15C9399018FE0C8A00EE378F /* UIKit.framework */ = {isa = PBXFileReference; lastKnownFileType = wrapper.framework; name = UIKit.framework; path = System/Library/Frameworks/UIKit.framework; sourceTree = SDKROOT; };
		15C9399218FE0C8A00EE378F /* CoreData.framework */ = {isa = PBXFileReference; lastKnownFileType = wrapper.framework; name = CoreData.framework; path = System/Library/Frameworks/CoreData.framework; sourceTree = SDKROOT; };
		15C9399618FE0C8B00EE378F /* myHairDid-Info.plist */ = {isa = PBXFileReference; lastKnownFileType = text.plist.xml; path = "myHairDid-Info.plist"; sourceTree = "<group>"; };
		15C9399818FE0C8B00EE378F /* en */ = {isa = PBXFileReference; lastKnownFileType = text.plist.strings; name = en; path = en.lproj/InfoPlist.strings; sourceTree = "<group>"; };
		15C9399A18FE0C8B00EE378F /* main.m */ = {isa = PBXFileReference; lastKnownFileType = sourcecode.c.objc; path = main.m; sourceTree = "<group>"; };
		15C9399C18FE0C8B00EE378F /* myHairDid-Prefix.pch */ = {isa = PBXFileReference; lastKnownFileType = sourcecode.c.h; path = "myHairDid-Prefix.pch"; sourceTree = "<group>"; };
		15C9399D18FE0C8B00EE378F /* AppDelegate.h */ = {isa = PBXFileReference; lastKnownFileType = sourcecode.c.h; path = AppDelegate.h; sourceTree = "<group>"; };
		15C9399E18FE0C8B00EE378F /* AppDelegate.m */ = {isa = PBXFileReference; lastKnownFileType = sourcecode.c.objc; path = AppDelegate.m; sourceTree = "<group>"; };
		15C939A118FE0C8B00EE378F /* Base */ = {isa = PBXFileReference; lastKnownFileType = file.storyboard; name = Base; path = Base.lproj/Main.storyboard; sourceTree = "<group>"; };
		15C939A418FE0C8B00EE378F /* myHairDid.xcdatamodel */ = {isa = PBXFileReference; lastKnownFileType = wrapper.xcdatamodel; path = myHairDid.xcdatamodel; sourceTree = "<group>"; };
		15C939A618FE0C8B00EE378F /* MasterViewController.h */ = {isa = PBXFileReference; lastKnownFileType = sourcecode.c.h; path = MasterViewController.h; sourceTree = "<group>"; };
		15C939A718FE0C8B00EE378F /* MasterViewController.m */ = {isa = PBXFileReference; lastKnownFileType = sourcecode.c.objc; path = MasterViewController.m; sourceTree = "<group>"; };
		15C939A918FE0C8B00EE378F /* DetailViewController.h */ = {isa = PBXFileReference; lastKnownFileType = sourcecode.c.h; path = DetailViewController.h; sourceTree = "<group>"; };
		15C939AA18FE0C8B00EE378F /* DetailViewController.m */ = {isa = PBXFileReference; lastKnownFileType = sourcecode.c.objc; path = DetailViewController.m; sourceTree = "<group>"; };
		15C939AC18FE0C8B00EE378F /* Images.xcassets */ = {isa = PBXFileReference; lastKnownFileType = folder.assetcatalog; path = Images.xcassets; sourceTree = "<group>"; };
		15C939B218FE0C8B00EE378F /* myHairDidTests.xctest */ = {isa = PBXFileReference; explicitFileType = wrapper.cfbundle; includeInIndex = 0; path = myHairDidTests.xctest; sourceTree = BUILT_PRODUCTS_DIR; };
		15C939B318FE0C8B00EE378F /* XCTest.framework */ = {isa = PBXFileReference; lastKnownFileType = wrapper.framework; name = XCTest.framework; path = Library/Frameworks/XCTest.framework; sourceTree = DEVELOPER_DIR; };
		15C939BC18FE0C8B00EE378F /* myHairDidTests-Info.plist */ = {isa = PBXFileReference; lastKnownFileType = text.plist.xml; path = "myHairDidTests-Info.plist"; sourceTree = "<group>"; };
		15C939BE18FE0C8B00EE378F /* en */ = {isa = PBXFileReference; lastKnownFileType = text.plist.strings; name = en; path = en.lproj/InfoPlist.strings; sourceTree = "<group>"; };
		15C939C018FE0C8B00EE378F /* myHairDidTests.m */ = {isa = PBXFileReference; lastKnownFileType = sourcecode.c.objc; path = myHairDidTests.m; sourceTree = "<group>"; };
/* End PBXFileReference section */

/* Begin PBXFrameworksBuildPhase section */
		15C9398618FE0C8A00EE378F /* Frameworks */ = {
			isa = PBXFrameworksBuildPhase;
			buildActionMask = 2147483647;
			files = (
				15C9398F18FE0C8A00EE378F /* CoreGraphics.framework in Frameworks */,
				15C9399318FE0C8A00EE378F /* CoreData.framework in Frameworks */,
				15C9399118FE0C8A00EE378F /* UIKit.framework in Frameworks */,
				15C9398D18FE0C8A00EE378F /* Foundation.framework in Frameworks */,
			);
			runOnlyForDeploymentPostprocessing = 0;
		};
		15C939AF18FE0C8B00EE378F /* Frameworks */ = {
			isa = PBXFrameworksBuildPhase;
			buildActionMask = 2147483647;
			files = (
				15C939B418FE0C8B00EE378F /* XCTest.framework in Frameworks */,
				15C939B718FE0C8B00EE378F /* CoreData.framework in Frameworks */,
				15C939B618FE0C8B00EE378F /* UIKit.framework in Frameworks */,
				15C939B518FE0C8B00EE378F /* Foundation.framework in Frameworks */,
			);
			runOnlyForDeploymentPostprocessing = 0;
		};
/* End PBXFrameworksBuildPhase section */

/* Begin PBXGroup section */
		15C9398018FE0C8A00EE378F = {
			isa = PBXGroup;
			children = (
				15C9399418FE0C8A00EE378F /* myHairDid */,
				15C939BA18FE0C8B00EE378F /* myHairDidTests */,
				15C9398B18FE0C8A00EE378F /* Frameworks */,
				15C9398A18FE0C8A00EE378F /* Products */,
			);
			sourceTree = "<group>";
		};
		15C9398A18FE0C8A00EE378F /* Products */ = {
			isa = PBXGroup;
			children = (
				15C9398918FE0C8A00EE378F /* myHairDid.app */,
				15C939B218FE0C8B00EE378F /* myHairDidTests.xctest */,
			);
			name = Products;
			sourceTree = "<group>";
		};
		15C9398B18FE0C8A00EE378F /* Frameworks */ = {
			isa = PBXGroup;
			children = (
				15C9398C18FE0C8A00EE378F /* Foundation.framework */,
				15C9398E18FE0C8A00EE378F /* CoreGraphics.framework */,
				15C9399018FE0C8A00EE378F /* UIKit.framework */,
				15C9399218FE0C8A00EE378F /* CoreData.framework */,
				15C939B318FE0C8B00EE378F /* XCTest.framework */,
			);
			name = Frameworks;
			sourceTree = "<group>";
		};
		15C9399418FE0C8A00EE378F /* myHairDid */ = {
			isa = PBXGroup;
			children = (
				15C9399D18FE0C8B00EE378F /* AppDelegate.h */,
				15C9399E18FE0C8B00EE378F /* AppDelegate.m */,
				15C939A018FE0C8B00EE378F /* Main.storyboard */,
				15C939A618FE0C8B00EE378F /* MasterViewController.h */,
				15C939A718FE0C8B00EE378F /* MasterViewController.m */,
				15C939A918FE0C8B00EE378F /* DetailViewController.h */,
				15C939AA18FE0C8B00EE378F /* DetailViewController.m */,
				15C939AC18FE0C8B00EE378F /* Images.xcassets */,
				15C939A318FE0C8B00EE378F /* myHairDid.xcdatamodeld */,
				15C9399518FE0C8B00EE378F /* Supporting Files */,
			);
			path = myHairDid;
			sourceTree = "<group>";
		};
		15C9399518FE0C8B00EE378F /* Supporting Files */ = {
			isa = PBXGroup;
			children = (
				15C9399618FE0C8B00EE378F /* myHairDid-Info.plist */,
				15C9399718FE0C8B00EE378F /* InfoPlist.strings */,
				15C9399A18FE0C8B00EE378F /* main.m */,
				15C9399C18FE0C8B00EE378F /* myHairDid-Prefix.pch */,
			);
			name = "Supporting Files";
			sourceTree = "<group>";
		};
		15C939BA18FE0C8B00EE378F /* myHairDidTests */ = {
			isa = PBXGroup;
			children = (
				15C939C018FE0C8B00EE378F /* myHairDidTests.m */,
				15C939BB18FE0C8B00EE378F /* Supporting Files */,
			);
			path = myHairDidTests;
			sourceTree = "<group>";
		};
		15C939BB18FE0C8B00EE378F /* Supporting Files */ = {
			isa = PBXGroup;
			children = (
				15C939BC18FE0C8B00EE378F /* myHairDidTests-Info.plist */,
				15C939BD18FE0C8B00EE378F /* InfoPlist.strings */,
			);
			name = "Supporting Files";
			sourceTree = "<group>";
		};
/* End PBXGroup section */

/* Begin PBXNativeTarget section */
		15C9398818FE0C8A00EE378F /* myHairDid */ = {
			isa = PBXNativeTarget;
			buildConfigurationList = 15C939C418FE0C8B00EE378F /* Build configuration list for PBXNativeTarget "myHairDid" */;
			buildPhases = (
				15C9398518FE0C8A00EE378F /* Sources */,
				15C9398618FE0C8A00EE378F /* Frameworks */,
				15C9398718FE0C8A00EE378F /* Resources */,
			);
			buildRules = (
			);
			dependencies = (
			);
			name = myHairDid;
			productName = myHairDid;
			productReference = 15C9398918FE0C8A00EE378F /* myHairDid.app */;
			productType = "com.apple.product-type.application";
		};
		15C939B118FE0C8B00EE378F /* myHairDidTests */ = {
			isa = PBXNativeTarget;
			buildConfigurationList = 15C939C718FE0C8B00EE378F /* Build configuration list for PBXNativeTarget "myHairDidTests" */;
			buildPhases = (
				15C939AE18FE0C8B00EE378F /* Sources */,
				15C939AF18FE0C8B00EE378F /* Frameworks */,
				15C939B018FE0C8B00EE378F /* Resources */,
			);
			buildRules = (
			);
			dependencies = (
				15C939B918FE0C8B00EE378F /* PBXTargetDependency */,
			);
			name = myHairDidTests;
			productName = myHairDidTests;
			productReference = 15C939B218FE0C8B00EE378F /* myHairDidTests.xctest */;
			productType = "com.apple.product-type.bundle.unit-test";
		};
/* End PBXNativeTarget section */

/* Begin PBXProject section */
		15C9398118FE0C8A00EE378F /* Project object */ = {
			isa = PBXProject;
			attributes = {
				LastUpgradeCheck = 0510;
				ORGANIZATIONNAME = Dinky_Details;
				TargetAttributes = {
					15C939B118FE0C8B00EE378F = {
						TestTargetID = 15C9398818FE0C8A00EE378F;
					};
				};
			};
			buildConfigurationList = 15C9398418FE0C8A00EE378F /* Build configuration list for PBXProject "myHairDid" */;
			compatibilityVersion = "Xcode 3.2";
			developmentRegion = English;
			hasScannedForEncodings = 0;
			knownRegions = (
				en,
				Base,
			);
			mainGroup = 15C9398018FE0C8A00EE378F;
			productRefGroup = 15C9398A18FE0C8A00EE378F /* Products */;
			projectDirPath = "";
			projectRoot = "";
			targets = (
				15C9398818FE0C8A00EE378F /* myHairDid */,
				15C939B118FE0C8B00EE378F /* myHairDidTests */,
			);
		};
/* End PBXProject section */

/* Begin PBXResourcesBuildPhase section */
		15C9398718FE0C8A00EE378F /* Resources */ = {
			isa = PBXResourcesBuildPhase;
			buildActionMask = 2147483647;
			files = (
				15C939AD18FE0C8B00EE378F /* Images.xcassets in Resources */,
				15C9399918FE0C8B00EE378F /* InfoPlist.strings in Resources */,
				15C939A218FE0C8B00EE378F /* Main.storyboard in Resources */,
			);
			runOnlyForDeploymentPostprocessing = 0;
		};
		15C939B018FE0C8B00EE378F /* Resources */ = {
			isa = PBXResourcesBuildPhase;
			buildActionMask = 2147483647;
			files = (
				15C939BF18FE0C8B00EE378F /* InfoPlist.strings in Resources */,
			);
			runOnlyForDeploymentPostprocessing = 0;
		};
/* End PBXResourcesBuildPhase section */

/* Begin PBXSourcesBuildPhase section */
		15C9398518FE0C8A00EE378F /* Sources */ = {
			isa = PBXSourcesBuildPhase;
			buildActionMask = 2147483647;
			files = (
				15C939AB18FE0C8B00EE378F /* DetailViewController.m in Sources */,
				15C939A818FE0C8B00EE378F /* MasterViewController.m in Sources */,
				15C939A518FE0C8B00EE378F /* myHairDid.xcdatamodeld in Sources */,
				15C9399F18FE0C8B00EE378F /* AppDelegate.m in Sources */,
				15C9399B18FE0C8B00EE378F /* main.m in Sources */,
			);
			runOnlyForDeploymentPostprocessing = 0;
		};
		15C939AE18FE0C8B00EE378F /* Sources */ = {
			isa = PBXSourcesBuildPhase;
			buildActionMask = 2147483647;
			files = (
				15C939C118FE0C8B00EE378F /* myHairDidTests.m in Sources */,
			);
			runOnlyForDeploymentPostprocessing = 0;
		};
/* End PBXSourcesBuildPhase section */

/* Begin PBXTargetDependency section */
		15C939B918FE0C8B00EE378F /* PBXTargetDependency */ = {
			isa = PBXTargetDependency;
			target = 15C9398818FE0C8A00EE378F /* myHairDid */;
			targetProxy = 15C939B818FE0C8B00EE378F /* PBXContainerItemProxy */;
		};
/* End PBXTargetDependency section */

/* Begin PBXVariantGroup section */
		15C9399718FE0C8B00EE378F /* InfoPlist.strings */ = {
			isa = PBXVariantGroup;
			children = (
				15C9399818FE0C8B00EE378F /* en */,
			);
			name = InfoPlist.strings;
			sourceTree = "<group>";
		};
		15C939A018FE0C8B00EE378F /* Main.storyboard */ = {
			isa = PBXVariantGroup;
			children = (
				15C939A118FE0C8B00EE378F /* Base */,
			);
			name = Main.storyboard;
			sourceTree = "<group>";
		};
		15C939BD18FE0C8B00EE378F /* InfoPlist.strings */ = {
			isa = PBXVariantGroup;
			children = (
				15C939BE18FE0C8B00EE378F /* en */,
			);
			name = InfoPlist.strings;
			sourceTree = "<group>";
		};
/* End PBXVariantGroup section */

/* Begin XCBuildConfiguration section */
		15C939C218FE0C8B00EE378F /* Debug */ = {
			isa = XCBuildConfiguration;
			buildSettings = {
				ALWAYS_SEARCH_USER_PATHS = NO;
				CLANG_CXX_LANGUAGE_STANDARD = "gnu++0x";
				CLANG_CXX_LIBRARY = "libc++";
				CLANG_ENABLE_MODULES = YES;
				CLANG_ENABLE_OBJC_ARC = YES;
				CLANG_WARN_BOOL_CONVERSION = YES;
				CLANG_WARN_CONSTANT_CONVERSION = YES;
				CLANG_WARN_DIRECT_OBJC_ISA_USAGE = YES_ERROR;
				CLANG_WARN_EMPTY_BODY = YES;
				CLANG_WARN_ENUM_CONVERSION = YES;
				CLANG_WARN_INT_CONVERSION = YES;
				CLANG_WARN_OBJC_ROOT_CLASS = YES_ERROR;
				CLANG_WARN__DUPLICATE_METHOD_MATCH = YES;
				"CODE_SIGN_IDENTITY[sdk=iphoneos*]" = "iPhone Developer";
				COPY_PHASE_STRIP = NO;
				GCC_C_LANGUAGE_STANDARD = gnu99;
				GCC_DYNAMIC_NO_PIC = NO;
				GCC_OPTIMIZATION_LEVEL = 0;
				GCC_PREPROCESSOR_DEFINITIONS = (
					"DEBUG=1",
					"$(inherited)",
				);
				GCC_SYMBOLS_PRIVATE_EXTERN = NO;
				GCC_WARN_64_TO_32_BIT_CONVERSION = YES;
				GCC_WARN_ABOUT_RETURN_TYPE = YES_ERROR;
				GCC_WARN_UNDECLARED_SELECTOR = YES;
				GCC_WARN_UNINITIALIZED_AUTOS = YES_AGGRESSIVE;
				GCC_WARN_UNUSED_FUNCTION = YES;
				GCC_WARN_UNUSED_VARIABLE = YES;
				IPHONEOS_DEPLOYMENT_TARGET = 7.1;
				ONLY_ACTIVE_ARCH = YES;
				SDKROOT = iphoneos;
			};
			name = Debug;
		};
		15C939C318FE0C8B00EE378F /* Release */ = {
			isa = XCBuildConfiguration;
			buildSettings = {
				ALWAYS_SEARCH_USER_PATHS = NO;
				CLANG_CXX_LANGUAGE_STANDARD = "gnu++0x";
				CLANG_CXX_LIBRARY = "libc++";
				CLANG_ENABLE_MODULES = YES;
				CLANG_ENABLE_OBJC_ARC = YES;
				CLANG_WARN_BOOL_CONVERSION = YES;
				CLANG_WARN_CONSTANT_CONVERSION = YES;
				CLANG_WARN_DIRECT_OBJC_ISA_USAGE = YES_ERROR;
				CLANG_WARN_EMPTY_BODY = YES;
				CLANG_WARN_ENUM_CONVERSION = YES;
				CLANG_WARN_INT_CONVERSION = YES;
				CLANG_WARN_OBJC_ROOT_CLASS = YES_ERROR;
				CLANG_WARN__DUPLICATE_METHOD_MATCH = YES;
				"CODE_SIGN_IDENTITY[sdk=iphoneos*]" = "iPhone Developer";
				COPY_PHASE_STRIP = YES;
				ENABLE_NS_ASSERTIONS = NO;
				GCC_C_LANGUAGE_STANDARD = gnu99;
				GCC_WARN_64_TO_32_BIT_CONVERSION = YES;
				GCC_WARN_ABOUT_RETURN_TYPE = YES_ERROR;
				GCC_WARN_UNDECLARED_SELECTOR = YES;
				GCC_WARN_UNINITIALIZED_AUTOS = YES_AGGRESSIVE;
				GCC_WARN_UNUSED_FUNCTION = YES;
				GCC_WARN_UNUSED_VARIABLE = YES;
				IPHONEOS_DEPLOYMENT_TARGET = 7.1;
				SDKROOT = iphoneos;
				VALIDATE_PRODUCT = YES;
			};
			name = Release;
		};
		15C939C518FE0C8B00EE378F /* Debug */ = {
			isa = XCBuildConfiguration;
			buildSettings = {
				ASSETCATALOG_COMPILER_APPICON_NAME = AppIcon;
				ASSETCATALOG_COMPILER_LAUNCHIMAGE_NAME = LaunchImage;
				GCC_PRECOMPILE_PREFIX_HEADER = YES;
				GCC_PREFIX_HEADER = "myHairDid/myHairDid-Prefix.pch";
				INFOPLIST_FILE = "myHairDid/myHairDid-Info.plist";
				PRODUCT_NAME = "$(TARGET_NAME)";
				WRAPPER_EXTENSION = app;
			};
			name = Debug;
		};
		15C939C618FE0C8B00EE378F /* Release */ = {
			isa = XCBuildConfiguration;
			buildSettings = {
				ASSETCATALOG_COMPILER_APPICON_NAME = AppIcon;
				ASSETCATALOG_COMPILER_LAUNCHIMAGE_NAME = LaunchImage;
				GCC_PRECOMPILE_PREFIX_HEADER = YES;
				GCC_PREFIX_HEADER = "myHairDid/myHairDid-Prefix.pch";
				INFOPLIST_FILE = "myHairDid/myHairDid-Info.plist";
				PRODUCT_NAME = "$(TARGET_NAME)";
				WRAPPER_EXTENSION = app;
			};
			name = Release;
		};
		15C939C818FE0C8B00EE378F /* Debug */ = {
			isa = XCBuildConfiguration;
			buildSettings = {
				BUNDLE_LOADER = "$(BUILT_PRODUCTS_DIR)/myHairDid.app/myHairDid";
				FRAMEWORK_SEARCH_PATHS = (
					"$(SDKROOT)/Developer/Library/Frameworks",
					"$(inherited)",
					"$(DEVELOPER_FRAMEWORKS_DIR)",
				);
				GCC_PRECOMPILE_PREFIX_HEADER = YES;
				GCC_PREFIX_HEADER = "myHairDid/myHairDid-Prefix.pch";
				GCC_PREPROCESSOR_DEFINITIONS = (
					"DEBUG=1",
					"$(inherited)",
				);
				INFOPLIST_FILE = "myHairDidTests/myHairDidTests-Info.plist";
				PRODUCT_NAME = "$(TARGET_NAME)";
				TEST_HOST = "$(BUNDLE_LOADER)";
				WRAPPER_EXTENSION = xctest;
			};
			name = Debug;
		};
		15C939C918FE0C8B00EE378F /* Release */ = {
			isa = XCBuildConfiguration;
			buildSettings = {
				BUNDLE_LOADER = "$(BUILT_PRODUCTS_DIR)/myHairDid.app/myHairDid";
				FRAMEWORK_SEARCH_PATHS = (
					"$(SDKROOT)/Developer/Library/Frameworks",
					"$(inherited)",
					"$(DEVELOPER_FRAMEWORKS_DIR)",
				);
				GCC_PRECOMPILE_PREFIX_HEADER = YES;
				GCC_PREFIX_HEADER = "myHairDid/myHairDid-Prefix.pch";
				INFOPLIST_FILE = "myHairDidTests/myHairDidTests-Info.plist";
				PRODUCT_NAME = "$(TARGET_NAME)";
				TEST_HOST = "$(BUNDLE_LOADER)";
				WRAPPER_EXTENSION = xctest;
			};
			name = Release;
		};
/* End XCBuildConfiguration section */

/* Begin XCConfigurationList section */
		15C9398418FE0C8A00EE378F /* Build configuration list for PBXProject "myHairDid" */ = {
			isa = XCConfigurationList;
			buildConfigurations = (
				15C939C218FE0C8B00EE378F /* Debug */,
				15C939C318FE0C8B00EE378F /* Release */,
			);
			defaultConfigurationIsVisible = 0;
			defaultConfigurationName = Release;
		};
		15C939C418FE0C8B00EE378F /* Build configuration list for PBXNativeTarget "myHairDid" */ = {
			isa = XCConfigurationList;
			buildConfigurations = (
				15C939C518FE0C8B00EE378F /* Debug */,
				15C939C618FE0C8B00EE378F /* Release */,
			);
			defaultConfigurationIsVisible = 0;
		};
		15C939C718FE0C8B00EE378F /* Build configuration list for PBXNativeTarget "myHairDidTests" */ = {
			isa = XCConfigurationList;
			buildConfigurations = (
				15C939C818FE0C8B00EE378F /* Debug */,
				15C939C918FE0C8B00EE378F /* Release */,
			);
			defaultConfigurationIsVisible = 0;
		};
/* End XCConfigurationList section */

/* Begin XCVersionGroup section */
		15C939A318FE0C8B00EE378F /* myHairDid.xcdatamodeld */ = {
			isa = XCVersionGroup;
			children = (
				15C939A418FE0C8B00EE378F /* myHairDid.xcdatamodel */,
			);
			currentVersion = 15C939A418FE0C8B00EE378F /* myHairDid.xcdatamodel */;
			path = myHairDid.xcdatamodeld;
			sourceTree = "<group>";
			versionGroupType = wrapper.xcdatamodel;
		};
/* End XCVersionGroup section */
	};
	rootObject = 15C9398118FE0C8A00EE378F /* Project object */;
}
